
Microsoft Visual Studio Solution File, Format Version 12.00
# Visual Studio Version 17
VisualStudioVersion = 17.2.32516.85
MinimumVisualStudioVersion = 10.0.40219.1
Project("{8BC9CEB8-8B4A-11D0-8D11-00A0C91BC942}") = "Inheritance", "Inheritance\Inheritance.vcxproj", "{839C5C9D-3234-4189-8C87-B96ED4A98BCE}"
EndProject
Global
	GlobalSection(SolutionConfigurationPlatforms) = preSolution
		Debug|x64 = Debug|x64
		Debug|x86 = Debug|x86
		Release|x64 = Release|x64
		Release|x86 = Release|x86
	EndGlobalSection
	GlobalSection(ProjectConfigurationPlatforms) = postSolution
		{839C5C9D-3234-4189-8C87-B96ED4A98BCE}.Debug|x64.ActiveCfg = Debug|x64
		{839C5C9D-3234-4189-8C87-B96ED4A98BCE}.Debug|x64.Build.0 = Debug|x64
		{839C5C9D-3234-4189-8C87-B96ED4A98BCE}.Debug|x86.ActiveCfg = Debug|Win32
		{839C5C9D-3234-4189-8C87-B96ED4A98BCE}.Debug|x86.Build.0 = Debug|Win32
		{839C5C9D-3234-4189-8C87-B96ED4A98BCE}.Release|x64.ActiveCfg = Release|x64
		{839C5C9D-3234-4189-8C87-B96ED4A98BCE}.Release|x64.Build.0 = Release|x64
		{839C5C9D-3234-4189-8C87-B96ED4A98BCE}.Release|x86.ActiveCfg = Release|Win32
		{839C5C9D-3234-4189-8C87-B96ED4A98BCE}.Release|x86.Build.0 = Release|Win32
	EndGlobalSection
	GlobalSection(SolutionProperties) = preSolution
		HideSolutionNode = FALSE
	EndGlobalSection
	GlobalSection(ExtensibilityGlobals) = postSolution
		SolutionGuid = {2E66CF38-8350-426F-BD26-F5CAE35D1C83}
	EndGlobalSection
EndGlobal
