
Microsoft Visual Studio Solution File, Format Version 12.00
# Visual Studio Version 17
VisualStudioVersion = 17.2.32516.85
MinimumVisualStudioVersion = 10.0.40219.1
Project("{8BC9CEB8-8B4A-11D0-8D11-00A0C91BC942}") = "MyMass1", "Matrix\Matrix.vcxproj", "{B907FF05-9ADB-4C3C-BA09-B4987AEEA73B}"
EndProject
Project("{8BC9CEB8-8B4A-11D0-8D11-00A0C91BC942}") = "MyMass2", "MyMass2\MyMass2.vcxproj", "{0B734FE4-0744-4EE5-B92E-C7920295FF1B}"
EndProject
Global
	GlobalSection(SolutionConfigurationPlatforms) = preSolution
		Debug|x64 = Debug|x64
		Debug|x86 = Debug|x86
		Release|x64 = Release|x64
		Release|x86 = Release|x86
	EndGlobalSection
	GlobalSection(ProjectConfigurationPlatforms) = postSolution
		{B907FF05-9ADB-4C3C-BA09-B4987AEEA73B}.Debug|x64.ActiveCfg = Debug|x64
		{B907FF05-9ADB-4C3C-BA09-B4987AEEA73B}.Debug|x64.Build.0 = Debug|x64
		{B907FF05-9ADB-4C3C-BA09-B4987AEEA73B}.Debug|x86.ActiveCfg = Debug|Win32
		{B907FF05-9ADB-4C3C-BA09-B4987AEEA73B}.Debug|x86.Build.0 = Debug|Win32
		{B907FF05-9ADB-4C3C-BA09-B4987AEEA73B}.Release|x64.ActiveCfg = Release|x64
		{B907FF05-9ADB-4C3C-BA09-B4987AEEA73B}.Release|x64.Build.0 = Release|x64
		{B907FF05-9ADB-4C3C-BA09-B4987AEEA73B}.Release|x86.ActiveCfg = Release|Win32
		{B907FF05-9ADB-4C3C-BA09-B4987AEEA73B}.Release|x86.Build.0 = Release|Win32
		{0B734FE4-0744-4EE5-B92E-C7920295FF1B}.Debug|x64.ActiveCfg = Debug|x64
		{0B734FE4-0744-4EE5-B92E-C7920295FF1B}.Debug|x64.Build.0 = Debug|x64
		{0B734FE4-0744-4EE5-B92E-C7920295FF1B}.Debug|x86.ActiveCfg = Debug|Win32
		{0B734FE4-0744-4EE5-B92E-C7920295FF1B}.Debug|x86.Build.0 = Debug|Win32
		{0B734FE4-0744-4EE5-B92E-C7920295FF1B}.Release|x64.ActiveCfg = Release|x64
		{0B734FE4-0744-4EE5-B92E-C7920295FF1B}.Release|x64.Build.0 = Release|x64
		{0B734FE4-0744-4EE5-B92E-C7920295FF1B}.Release|x86.ActiveCfg = Release|Win32
		{0B734FE4-0744-4EE5-B92E-C7920295FF1B}.Release|x86.Build.0 = Release|Win32
	EndGlobalSection
	GlobalSection(SolutionProperties) = preSolution
		HideSolutionNode = FALSE
	EndGlobalSection
	GlobalSection(ExtensibilityGlobals) = postSolution
		SolutionGuid = {C21F6542-A450-4526-9EB2-15D656259E10}
	EndGlobalSection
EndGlobal
